[[package]]
name = "filprofiler"
version = "0.17.0"
description = "A memory profiler for data batch processing applications."
category = "main"
optional = false
python-versions = ">=3.6"

[package.dependencies]
threadpoolctl = "*"

[package.extras]
dev = ["pytest", "pampy", "numpy", "cython", "black", "towncrier (==19.9.0rc1)", "wheel", "auditwheel", "twine", "ipython", "ipykernel", "nbconvert (<6)", "numexpr", "blosc", "psutil", "flake8"]

[[package]]
name = "numpy"
version = "1.20.1"
description = "NumPy is the fundamental package for array computing with Python."
category = "main"
optional = false
python-versions = ">=3.7"

[[package]]
name = "pyinstrument"
version = "3.4.1"
description = "Call stack profiler for Python. Shows you why your code is slow!"
category = "main"
optional = false
python-versions = ">=3.6"

[package.dependencies]
pyinstrument-cext = ">=0.2.2"

[[package]]
name = "pyinstrument-cext"
version = "0.2.4"
description = "A CPython extension supporting pyinstrument"
category = "main"
optional = false
python-versions = "*"

[[package]]
name = "threadpoolctl"
version = "2.1.0"
description = "threadpoolctl"
category = "main"
optional = false
python-versions = ">=3.5"

[metadata]
lock-version = "1.1"
python-versions = "^3.8"
content-hash = "42c82cfb201e0a52268ee9fe865047ce5bad88e99df49148c6506388d11d4e7a"

[metadata.files]
filprofiler = [
    {file = "filprofiler-0.17.0-cp36-cp36m-macosx_10_14_x86_64.whl", hash = "sha256:0e561faec981d28e6daaaec05e6b7fe8645dc2e9c04f3bdaa347231cffdf72b9"},
    {file = "filprofiler-0.17.0-cp36-cp36m-manylinux2010_x86_64.whl", hash = "sha256:6daa33db857a7c3c7935291e862aaf8e323187ac1bf0c0b0e9c731d1809ee281"},
    {file = "filprofiler-0.17.0-cp37-cp37m-macosx_10_14_x86_64.whl", hash = "sha256:be42397b9831382e44dc5ea492b208ab6dfbccfa95894330776883eb65d54431"},
    {file = "filprofiler-0.17.0-cp37-cp37m-manylinux2010_x86_64.whl", hash = "sha256:d8c943e1391e854de61b916f96918ce6ff2f502465fab4b08019a838eff0be5e"},
    {file = "filprofiler-0.17.0-cp38-cp38-macosx_10_14_x86_64.whl", hash = "sha256:03a4c04e534b06f20168c08eb8f08465e3194080654e47f03596b804a691a476"},
    {file = "filprofiler-0.17.0-cp38-cp38-manylinux2010_x86_64.whl", hash = "sha256:3ae9215bd803f426e03e8fd360d996c502cdf85db99ee0c7e5a1b103cb295584"},
    {file = "filprofiler-0.17.0-cp39-cp39-macosx_10_14_x86_64.whl", hash = "sha256:dacfb40d467a44ace30c6d7ec14d33cbff736ac39211eaa18dd5b5f17594e415"},
    {file = "filprofiler-0.17.0-cp39-cp39-manylinux2010_x86_64.whl", hash = "sha256:2333d710982edf7e07d90c6d044c24acc67dbc0b366451295580dd64d9ade27a"},
]
numpy = [
    {file = "numpy-1.20.1-cp37-cp37m-macosx_10_9_x86_64.whl", hash = "sha256:ae61f02b84a0211abb56462a3b6cd1e7ec39d466d3160eb4e1da8bf6717cdbeb"},
    {file = "numpy-1.20.1-cp37-cp37m-manylinux1_i686.whl", hash = "sha256:65410c7f4398a0047eea5cca9b74009ea61178efd78d1be9847fac1d6716ec1e"},
    {file = "numpy-1.20.1-cp37-cp37m-manylinux1_x86_64.whl", hash = "sha256:2d7e27442599104ee08f4faed56bb87c55f8b10a5494ac2ead5c98a4b289e61f"},
    {file = "numpy-1.20.1-cp37-cp37m-manylinux2010_i686.whl", hash = "sha256:4ed8e96dc146e12c1c5cdd6fb9fd0757f2ba66048bf94c5126b7efebd12d0090"},
    {file = "numpy-1.20.1-cp37-cp37m-manylinux2010_x86_64.whl", hash = "sha256:ecb5b74c702358cdc21268ff4c37f7466357871f53a30e6f84c686952bef16a9"},
    {file = "numpy-1.20.1-cp37-cp37m-manylinux2014_aarch64.whl", hash = "sha256:b9410c0b6fed4a22554f072a86c361e417f0258838957b78bd063bde2c7f841f"},
    {file = "numpy-1.20.1-cp37-cp37m-win32.whl", hash = "sha256:3d3087e24e354c18fb35c454026af3ed8997cfd4997765266897c68d724e4845"},
    {file = "numpy-1.20.1-cp37-cp37m-win_amd64.whl", hash = "sha256:89f937b13b8dd17b0099c7c2e22066883c86ca1575a975f754babc8fbf8d69a9"},
    {file = "numpy-1.20.1-cp38-cp38-macosx_10_9_x86_64.whl", hash = "sha256:a1d7995d1023335e67fb070b2fae6f5968f5be3802b15ad6d79d81ecaa014fe0"},
    {file = "numpy-1.20.1-cp38-cp38-manylinux1_i686.whl", hash = "sha256:60759ab15c94dd0e1ed88241fd4fa3312db4e91d2c8f5a2d4cf3863fad83d65b"},
    {file = "numpy-1.20.1-cp38-cp38-manylinux1_x86_64.whl", hash = "sha256:125a0e10ddd99a874fd357bfa1b636cd58deb78ba4a30b5ddb09f645c3512e04"},
    {file = "numpy-1.20.1-cp38-cp38-manylinux2010_i686.whl", hash = "sha256:c26287dfc888cf1e65181f39ea75e11f42ffc4f4529e5bd19add57ad458996e2"},
    {file = "numpy-1.20.1-cp38-cp38-manylinux2010_x86_64.whl", hash = "sha256:7199109fa46277be503393be9250b983f325880766f847885607d9b13848f257"},
    {file = "numpy-1.20.1-cp38-cp38-manylinux2014_aarch64.whl", hash = "sha256:72251e43ac426ff98ea802a931922c79b8d7596480300eb9f1b1e45e0543571e"},
    {file = "numpy-1.20.1-cp38-cp38-win32.whl", hash = "sha256:c91ec9569facd4757ade0888371eced2ecf49e7982ce5634cc2cf4e7331a4b14"},
    {file = "numpy-1.20.1-cp38-cp38-win_amd64.whl", hash = "sha256:13adf545732bb23a796914fe5f891a12bd74cf3d2986eed7b7eba2941eea1590"},
    {file = "numpy-1.20.1-cp39-cp39-macosx_10_9_x86_64.whl", hash = "sha256:104f5e90b143dbf298361a99ac1af4cf59131218a045ebf4ee5990b83cff5fab"},
    {file = "numpy-1.20.1-cp39-cp39-manylinux2010_i686.whl", hash = "sha256:89e5336f2bec0c726ac7e7cdae181b325a9c0ee24e604704ed830d241c5e47ff"},
    {file = "numpy-1.20.1-cp39-cp39-manylinux2010_x86_64.whl", hash = "sha256:032be656d89bbf786d743fee11d01ef318b0781281241997558fa7950028dd29"},
    {file = "numpy-1.20.1-cp39-cp39-manylinux2014_aarch64.whl", hash = "sha256:66b467adfcf628f66ea4ac6430ded0614f5cc06ba530d09571ea404789064adc"},
    {file = "numpy-1.20.1-cp39-cp39-win32.whl", hash = "sha256:12e4ba5c6420917571f1a5becc9338abbde71dd811ce40b37ba62dec7b39af6d"},
    {file = "numpy-1.20.1-cp39-cp39-win_amd64.whl", hash = "sha256:9c94cab5054bad82a70b2e77741271790304651d584e2cdfe2041488e753863b"},
    {file = "numpy-1.20.1-pp37-pypy37_pp73-manylinux2010_x86_64.whl", hash = "sha256:9eb551d122fadca7774b97db8a112b77231dcccda8e91a5bc99e79890797175e"},
    {file = "numpy-1.20.1.zip", hash = "sha256:3bc63486a870294683980d76ec1e3efc786295ae00128f9ea38e2c6e74d5a60a"},
]
pyinstrument = [
    {file = "pyinstrument-3.4.1-py2.py3-none-any.whl", hash = "sha256:716302e6727514ea2c61639c4e749a637fd3d63986a9203df15f4669ea1963a8"},
    {file = "pyinstrument-3.4.1.tar.gz", hash = "sha256:d421fcf458f10926fbbaff701d11ffc42b06240294a3d0ee96299af7aca9b5fe"},
]
pyinstrument-cext = [
    {file = "pyinstrument_cext-0.2.4-cp27-cp27m-macosx_10_9_x86_64.whl", hash = "sha256:c60e519708e9d493de16589e1d48a4641a4dc8cbddfe3bc49b3746f99e530b95"},
    {file = "pyinstrument_cext-0.2.4-cp27-cp27m-manylinux1_i686.whl", hash = "sha256:0709aa81b51195b2d638efd0432597bfb02a45df25a933e739342fc655ed677d"},
    {file = "pyinstrument_cext-0.2.4-cp27-cp27m-manylinux1_x86_64.whl", hash = "sha256:46ac6235604520f30f0c55214beeb687a8a13e9abc5306fcd797a77bef3a233f"},
    {file = "pyinstrument_cext-0.2.4-cp27-cp27m-manylinux2010_i686.whl", hash = "sha256:fe2eaf64e09b59c7579c775fd3ec075a0728d9be55eef673b2cdb35531b4005b"},
    {file = "pyinstrument_cext-0.2.4-cp27-cp27m-manylinux2010_x86_64.whl", hash = "sha256:f94a731013010e72beee0f8c9277a23da896427600a320ee619051a97e81533e"},
    {file = "pyinstrument_cext-0.2.4-cp27-cp27m-win32.whl", hash = "sha256:1c1478a276324e760bf6fd7f5cd27068b93e53b8b2aa1bb007fa67cde18cb533"},
    {file = "pyinstrument_cext-0.2.4-cp27-cp27m-win_amd64.whl", hash = "sha256:514088c158e334a48e6c5bd1d598a9da58997d511b570b4af165b74c82e9b641"},
    {file = "pyinstrument_cext-0.2.4-cp27-cp27mu-manylinux1_i686.whl", hash = "sha256:7f891fe73d6b48dc74a6bce0d354e5342b6462ac464f130d5e9df97849ff39bb"},
    {file = "pyinstrument_cext-0.2.4-cp27-cp27mu-manylinux1_x86_64.whl", hash = "sha256:9a975ee1e20766c9946314594adab09f7454e69e5d49908500cf5cec3b430d32"},
    {file = "pyinstrument_cext-0.2.4-cp27-cp27mu-manylinux2010_i686.whl", hash = "sha256:0496c65daa9602d6397a57be3d8493131019db9c47b0e171933d4d7bd723142f"},
    {file = "pyinstrument_cext-0.2.4-cp27-cp27mu-manylinux2010_x86_64.whl", hash = "sha256:84c64a07dc5309ba518d2a49ad60d037a7eaeb5d369a2101059b611f3de49f22"},
    {file = "pyinstrument_cext-0.2.4-cp35-cp35m-macosx_10_9_x86_64.whl", hash = "sha256:12ff14b7612903db6649fb86915dc043c1bdae443cc0e35655675517ed7f93cf"},
    {file = "pyinstrument_cext-0.2.4-cp35-cp35m-manylinux1_i686.whl", hash = "sha256:1484d4a9087f53eb06b4a5e8be7513a19d5078367b0349dd4506eded4f274c69"},
    {file = "pyinstrument_cext-0.2.4-cp35-cp35m-manylinux1_x86_64.whl", hash = "sha256:8cb752a55ba6568a2184b6e0661a5568241f2e77b7b62ee0689bb83d22780a2b"},
    {file = "pyinstrument_cext-0.2.4-cp35-cp35m-manylinux2010_i686.whl", hash = "sha256:007bdf955d79fdc44b29bf10e21a411c600d11bbf9c4a3539ca1d94f5c9887e8"},
    {file = "pyinstrument_cext-0.2.4-cp35-cp35m-manylinux2010_x86_64.whl", hash = "sha256:1cb5ca06672951bee9f88c0758ba43110d0bb30a37225dbc1900cefccb3d7928"},
    {file = "pyinstrument_cext-0.2.4-cp35-cp35m-win32.whl", hash = "sha256:7976f462f00d4de1caaf11dfd0535dbbe8db86b4c2cc900e4b53a7b123777e73"},
    {file = "pyinstrument_cext-0.2.4-cp35-cp35m-win_amd64.whl", hash = "sha256:4e048fb074c232d3ac1de94c10a220a5ad4a7467e80074f7c79643264f6e1084"},
    {file = "pyinstrument_cext-0.2.4-cp36-cp36m-macosx_10_9_x86_64.whl", hash = "sha256:a36abcc4d05367911a84347b1702495ddbc926497c9a8a3478e228aa4865ece5"},
    {file = "pyinstrument_cext-0.2.4-cp36-cp36m-manylinux1_i686.whl", hash = "sha256:7fca6caf9591cd2e82dee5c859034b65bad1a58e231164099dbbd8c8dec8a2c1"},
    {file = "pyinstrument_cext-0.2.4-cp36-cp36m-manylinux1_x86_64.whl", hash = "sha256:c917947de242cd6aaece2740033e1cf6a214177b52632fa21163a656ed3b1ce5"},
    {file = "pyinstrument_cext-0.2.4-cp36-cp36m-manylinux2010_i686.whl", hash = "sha256:b0c6cc84f221853235f51f32dceaaa7753a9e95d47cd5820862fd1ed170a9e02"},
    {file = "pyinstrument_cext-0.2.4-cp36-cp36m-manylinux2010_x86_64.whl", hash = "sha256:ad9a268c4aade6c12146bb24fcdf80e4f014446845428f206c77327b274d7a44"},
    {file = "pyinstrument_cext-0.2.4-cp36-cp36m-win32.whl", hash = "sha256:e692afe758e6cd20f4bcb3bc0cac7ccdc67e3963d8d953ec27336614fa5d6552"},
    {file = "pyinstrument_cext-0.2.4-cp36-cp36m-win_amd64.whl", hash = "sha256:2352abfe89152050ad6637924de9d00a5e7be1173598a8322e0372d2aa1b9acf"},
    {file = "pyinstrument_cext-0.2.4-cp37-cp37m-macosx_10_9_x86_64.whl", hash = "sha256:a3c74954a4ae618e4f4fe8fc3817c6e4f97f8fe3f2991cac602314ebbae60db2"},
    {file = "pyinstrument_cext-0.2.4-cp37-cp37m-manylinux1_i686.whl", hash = "sha256:a6ee06f68c0e7fad5088c658d99b4711a8119b554940514e53239f3f24b5b1c1"},
    {file = "pyinstrument_cext-0.2.4-cp37-cp37m-manylinux1_x86_64.whl", hash = "sha256:a9a99d3ff1715f320f676c59d71b32624fd30c07b5c3fca559e042f2efe6492d"},
    {file = "pyinstrument_cext-0.2.4-cp37-cp37m-manylinux2010_i686.whl", hash = "sha256:4bbd2f99d70834a72cd1f4afdaf7150c36212e2db625add00bcdec738984acf8"},
    {file = "pyinstrument_cext-0.2.4-cp37-cp37m-manylinux2010_x86_64.whl", hash = "sha256:0f14f3d57ffeffa7f297dad14bc411463de6c1af5309abeb12ba8911c1ab91ec"},
    {file = "pyinstrument_cext-0.2.4-cp37-cp37m-win32.whl", hash = "sha256:931d8d0b5eeac63771fbef056fbe595615dab370fab2f0cc713ad2ce4b249166"},
    {file = "pyinstrument_cext-0.2.4-cp37-cp37m-win_amd64.whl", hash = "sha256:a94d60d4ceb168ce9564a95e837430f4de55faf3af7a831e644627c0ce3f3716"},
    {file = "pyinstrument_cext-0.2.4-cp38-cp38-macosx_10_9_x86_64.whl", hash = "sha256:a5ff7cb9a349f1b97d89e1ecbcfb4bc8945d8dac7372ecfb9c40270b3806e45c"},
    {file = "pyinstrument_cext-0.2.4-cp38-cp38-manylinux1_i686.whl", hash = "sha256:2ed6a661fc0626f6e29929b4ef7ec8d8e90ce1874fa5fe046b57949a09c47f45"},
    {file = "pyinstrument_cext-0.2.4-cp38-cp38-manylinux1_x86_64.whl", hash = "sha256:de6584e4ec0ec3fb7f6340c7ab02944b2d6eaff4bfbd0202badf17fc0b5d0dea"},
    {file = "pyinstrument_cext-0.2.4-cp38-cp38-manylinux2010_i686.whl", hash = "sha256:6a0dda3b9daca75646d4bcfbfb45c1ce97dab77c1beaa1e53289149519da6384"},
    {file = "pyinstrument_cext-0.2.4-cp38-cp38-manylinux2010_x86_64.whl", hash = "sha256:ca1e78c35cf187db0aaa1492cfd8d64d28195953d591cd5c43ab4bf68086433d"},
    {file = "pyinstrument_cext-0.2.4-cp38-cp38-win32.whl", hash = "sha256:6ee514618d88e66f44878dd52c52f6060ceaf06b74892ceb67a11b3670cf7117"},
    {file = "pyinstrument_cext-0.2.4-cp38-cp38-win_amd64.whl", hash = "sha256:77856dbe676a379eab84ea9a3b02fcffeeb7775d5085b3960f3ec215c4ce4126"},
    {file = "pyinstrument_cext-0.2.4-cp39-cp39-macosx_10_9_universal2.whl", hash = "sha256:f21cd1a16aee568246b53793cc4647ea717d1412f5d9ca08fd4d36d4230a702b"},
    {file = "pyinstrument_cext-0.2.4-cp39-cp39-macosx_10_9_x86_64.whl", hash = "sha256:0d5d7d24e4f1ea965b9e0d5a41da8ea0aa5231519a161052e1eda26750f5cb78"},
    {file = "pyinstrument_cext-0.2.4-cp39-cp39-manylinux1_i686.whl", hash = "sha256:fca2bb43ca64ce7802acb0fd59a64e519362419592b596dd573c09c5434ced7a"},
    {file = "pyinstrument_cext-0.2.4-cp39-cp39-manylinux1_x86_64.whl", hash = "sha256:39599fc80c4e64e12b1866582fbe92e31d7b0bd74a6a76b9a2e1a9341335960b"},
    {file = "pyinstrument_cext-0.2.4-cp39-cp39-manylinux2010_i686.whl", hash = "sha256:efcb68318c5a36ac9780f5481f4ac0b1e0e449b4033b9366d4c85bea3343d3b1"},
    {file = "pyinstrument_cext-0.2.4-cp39-cp39-manylinux2010_x86_64.whl", hash = "sha256:486d94fca17aa7d2eb36033859a3e75102ea28e98fa8ca37ce044f348ca30656"},
    {file = "pyinstrument_cext-0.2.4-cp39-cp39-win32.whl", hash = "sha256:59f3b50cc6754e6e96c829aa8fd8c4675cd53a45036934818a6a2722009b49c4"},
    {file = "pyinstrument_cext-0.2.4-cp39-cp39-win_amd64.whl", hash = "sha256:fe611732306651d0a10e99bbd1f174d4e0a0572b68b74f0673a5665146507a26"},
    {file = "pyinstrument_cext-0.2.4.tar.gz", hash = "sha256:79b29797209eebd441a8596accfa8b617445d9252fbf7ce75d3a4a0eb46cb877"},
]
threadpoolctl = [
    {file = "threadpoolctl-2.1.0-py3-none-any.whl", hash = "sha256:38b74ca20ff3bb42caca8b00055111d74159ee95c4370882bbff2b93d24da725"},
    {file = "threadpoolctl-2.1.0.tar.gz", hash = "sha256:ddc57c96a38beb63db45d6c159b5ab07b6bced12c45a1f07b2b92f272aebfa6b"},
]
